// !$*UTF8*$!
{
	archiveVersion = 1;
	classes = {
	};
	objectVersion = 77;
	objects = {

/* Begin PBXBuildFile section */
		3931452F2E471829001156D9 /* Kingfisher in Frameworks */ = {isa = PBXBuildFile; productRef = 3931452E2E471829001156D9 /* Kingfisher */; };
		393290162E99F39B007BCF83 /* SDWebImageSwiftUI in Frameworks */ = {isa = PBXBuildFile; productRef = 393290152E99F39B007BCF83 /* SDWebImageSwiftUI */; };
		393934292E543E660035598C /* Zoomable in Frameworks */ = {isa = PBXBuildFile; productRef = 393934282E543E660035598C /* Zoomable */; };
		3963635D2E7311AA00A5B3AD /* SwiftRater in Frameworks */ = {isa = PBXBuildFile; productRef = 3963635C2E7311AA00A5B3AD /* SwiftRater */; };
		39D48EA12E69BDB1006D9F12 /* Lottie in Frameworks */ = {isa = PBXBuildFile; productRef = 39D48EA02E69BDB1006D9F12 /* Lottie */; };
/* End PBXBuildFile section */

/* Begin PBXFileReference section */
		3995D7272E30ACD2007B379B /* Ferrey.app */ = {isa = PBXFileReference; explicitFileType = wrapper.application; includeInIndex = 0; path = Ferrey.app; sourceTree = BUILT_PRODUCTS_DIR; };
/* End PBXFileReference section */

/* Begin PBXFileSystemSynchronizedBuildFileExceptionSet section */
		3984B2C82E3DEAE500785F5A /* Exceptions for "Ferrey" folder in "Ferrey" target */ = {
			isa = PBXFileSystemSynchronizedBuildFileExceptionSet;
			membershipExceptions = (
				Info.plist,
			);
			target = 3995D7262E30ACD2007B379B /* Ferrey */;
		};
/* End PBXFileSystemSynchronizedBuildFileExceptionSet section */

/* Begin PBXFileSystemSynchronizedRootGroup section */
		3995D7292E30ACD2007B379B /* Ferrey */ = {
			isa = PBXFileSystemSynchronizedRootGroup;
			exceptions = (
				3984B2C82E3DEAE500785F5A /* Exceptions for "Ferrey" folder in "Ferrey" target */,
			);
			explicitFolders = (
				LUTs,
			);
			path = Ferrey;
			sourceTree = "<group>";
		};
/* End PBXFileSystemSynchronizedRootGroup section */

/* Begin PBXFrameworksBuildPhase section */
		3995D7242E30ACD2007B379B /* Frameworks */ = {
			isa = PBXFrameworksBuildPhase;
			buildActionMask = 2147483647;
			files = (
				393290162E99F39B007BCF83 /* SDWebImageSwiftUI in Frameworks */,
				3931452F2E471829001156D9 /* Kingfisher in Frameworks */,
				3963635D2E7311AA00A5B3AD /* SwiftRater in Frameworks */,
				393934292E543E660035598C /* Zoomable in Frameworks */,
				39D48EA12E69BDB1006D9F12 /* Lottie in Frameworks */,
			);
			runOnlyForDeploymentPostprocessing = 0;
		};
/* End PBXFrameworksBuildPhase section */

/* Begin PBXGroup section */
		3995D71E2E30ACD2007B379B = {
			isa = PBXGroup;
			children = (
				3995D7292E30ACD2007B379B /* Ferrey */,
				3995D7282E30ACD2007B379B /* Products */,
			);
			sourceTree = "<group>";
		};
		3995D7282E30ACD2007B379B /* Products */ = {
			isa = PBXGroup;
			children = (
				3995D7272E30ACD2007B379B /* Ferrey.app */,
			);
			name = Products;
			sourceTree = "<group>";
		};
/* End PBXGroup section */

/* Begin PBXNativeTarget section */
		3995D7262E30ACD2007B379B /* Ferrey */ = {
			isa = PBXNativeTarget;
			buildConfigurationList = 3995D7322E30ACD3007B379B /* Build configuration list for PBXNativeTarget "Ferrey" */;
			buildPhases = (
				3995D7232E30ACD2007B379B /* Sources */,
				3995D7242E30ACD2007B379B /* Frameworks */,
				3995D7252E30ACD2007B379B /* Resources */,
			);
			buildRules = (
			);
			dependencies = (
			);
			fileSystemSynchronizedGroups = (
				3995D7292E30ACD2007B379B /* Ferrey */,
			);
			name = Ferrey;
			packageProductDependencies = (
				3931452E2E471829001156D9 /* Kingfisher */,
				393934282E543E660035598C /* Zoomable */,
				39D48EA02E69BDB1006D9F12 /* Lottie */,
				3963635C2E7311AA00A5B3AD /* SwiftRater */,
				393290152E99F39B007BCF83 /* SDWebImageSwiftUI */,
			);
			productName = Ferrey;
			productReference = 3995D7272E30ACD2007B379B /* Ferrey.app */;
			productType = "com.apple.product-type.application";
		};
/* End PBXNativeTarget section */

/* Begin PBXProject section */
		3995D71F2E30ACD2007B379B /* Project object */ = {
			isa = PBXProject;
			attributes = {
				BuildIndependentTargetsInParallel = 1;
				LastSwiftUpdateCheck = 1640;
				LastUpgradeCheck = 1640;
				TargetAttributes = {
					3995D7262E30ACD2007B379B = {
						CreatedOnToolsVersion = 16.4;
					};
				};
			};
			buildConfigurationList = 3995D7222E30ACD2007B379B /* Build configuration list for PBXProject "Ferrey" */;
			developmentRegion = en;
			hasScannedForEncodings = 0;
			knownRegions = (
				en,
				Base,
				fr,
				"pt-BR",
				es,
				mdr,
			);
			mainGroup = 3995D71E2E30ACD2007B379B;
			minimizedProjectReferenceProxies = 1;
			packageReferences = (
				3931452D2E471829001156D9 /* XCRemoteSwiftPackageReference "Kingfisher" */,
				393934272E543E660035598C /* XCRemoteSwiftPackageReference "Zoomable" */,
				39D48E9F2E69BDB1006D9F12 /* XCRemoteSwiftPackageReference "lottie-ios" */,
				3963635B2E7311AA00A5B3AD /* XCRemoteSwiftPackageReference "SwiftRater" */,
				393290142E99F39B007BCF83 /* XCRemoteSwiftPackageReference "SDWebImageSwiftUI" */,
			);
			preferredProjectObjectVersion = 77;
			productRefGroup = 3995D7282E30ACD2007B379B /* Products */;
			projectDirPath = "";
			projectRoot = "";
			targets = (
				3995D7262E30ACD2007B379B /* Ferrey */,
			);
		};
/* End PBXProject section */

/* Begin PBXResourcesBuildPhase section */
		3995D7252E30ACD2007B379B /* Resources */ = {
			isa = PBXResourcesBuildPhase;
			buildActionMask = 2147483647;
			files = (
			);
			runOnlyForDeploymentPostprocessing = 0;
		};
/* End PBXResourcesBuildPhase section */

/* Begin PBXSourcesBuildPhase section */
		3995D7232E30ACD2007B379B /* Sources */ = {
			isa = PBXSourcesBuildPhase;
			buildActionMask = 2147483647;
			files = (
			);
			runOnlyForDeploymentPostprocessing = 0;
		};
/* End PBXSourcesBuildPhase section */

/* Begin XCBuildConfiguration section */
		3995D7302E30ACD3007B379B /* Debug */ = {
			isa = XCBuildConfiguration;
			buildSettings = {
				ALWAYS_SEARCH_USER_PATHS = NO;
				ASSETCATALOG_COMPILER_GENERATE_SWIFT_ASSET_SYMBOL_EXTENSIONS = YES;
				CLANG_ANALYZER_LOCALIZABILITY_NONLOCALIZED = YES;
				CLANG_ANALYZER_NONNULL = YES;
				CLANG_ANALYZER_NUMBER_OBJECT_CONVERSION = YES_AGGRESSIVE;
				CLANG_CXX_LANGUAGE_STANDARD = "gnu++20";
				CLANG_ENABLE_MODULES = YES;
				CLANG_ENABLE_OBJC_ARC = YES;
				CLANG_ENABLE_OBJC_WEAK = YES;
				CLANG_WARN_BLOCK_CAPTURE_AUTORELEASING = YES;
				CLANG_WARN_BOOL_CONVERSION = YES;
				CLANG_WARN_COMMA = YES;
				CLANG_WARN_CONSTANT_CONVERSION = YES;
				CLANG_WARN_DEPRECATED_OBJC_IMPLEMENTATIONS = YES;
				CLANG_WARN_DIRECT_OBJC_ISA_USAGE = YES_ERROR;
				CLANG_WARN_DOCUMENTATION_COMMENTS = YES;
				CLANG_WARN_EMPTY_BODY = YES;
				CLANG_WARN_ENUM_CONVERSION = YES;
				CLANG_WARN_INFINITE_RECURSION = YES;
				CLANG_WARN_INT_CONVERSION = YES;
				CLANG_WARN_NON_LITERAL_NULL_CONVERSION = YES;
				CLANG_WARN_OBJC_IMPLICIT_RETAIN_SELF = YES;
				CLANG_WARN_OBJC_LITERAL_CONVERSION = YES;
				CLANG_WARN_OBJC_ROOT_CLASS = YES_ERROR;
				CLANG_WARN_QUOTED_INCLUDE_IN_FRAMEWORK_HEADER = YES;
				CLANG_WARN_RANGE_LOOP_ANALYSIS = YES;
				CLANG_WARN_STRICT_PROTOTYPES = YES;
				CLANG_WARN_SUSPICIOUS_MOVE = YES;
				CLANG_WARN_UNGUARDED_AVAILABILITY = YES_AGGRESSIVE;
				CLANG_WARN_UNREACHABLE_CODE = YES;
				CLANG_WARN__DUPLICATE_METHOD_MATCH = YES;
				COPY_PHASE_STRIP = NO;
				DEBUG_INFORMATION_FORMAT = dwarf;
				DEVELOPMENT_TEAM = X438KBU7P9;
				ENABLE_STRICT_OBJC_MSGSEND = YES;
				ENABLE_TESTABILITY = YES;
				ENABLE_USER_SCRIPT_SANDBOXING = YES;
				GCC_C_LANGUAGE_STANDARD = gnu17;
				GCC_DYNAMIC_NO_PIC = NO;
				GCC_NO_COMMON_BLOCKS = YES;
				GCC_OPTIMIZATION_LEVEL = 0;
				GCC_PREPROCESSOR_DEFINITIONS = (
					"DEBUG=1",
					"$(inherited)",
				);
				GCC_WARN_64_TO_32_BIT_CONVERSION = YES;
				GCC_WARN_ABOUT_RETURN_TYPE = YES_ERROR;
				GCC_WARN_UNDECLARED_SELECTOR = YES;
				GCC_WARN_UNINITIALIZED_AUTOS = YES_AGGRESSIVE;
				GCC_WARN_UNUSED_FUNCTION = YES;
				GCC_WARN_UNUSED_VARIABLE = YES;
				IPHONEOS_DEPLOYMENT_TARGET = 18.5;
				LOCALIZATION_PREFERS_STRING_CATALOGS = YES;
				MTL_ENABLE_DEBUG_INFO = INCLUDE_SOURCE;
				MTL_FAST_MATH = YES;
				ONLY_ACTIVE_ARCH = YES;
				SDKROOT = iphoneos;
				SWIFT_ACTIVE_COMPILATION_CONDITIONS = "DEBUG $(inherited)";
				SWIFT_OPTIMIZATION_LEVEL = "-Onone";
			};
			name = Debug;
		};
		3995D7312E30ACD3007B379B /* Release */ = {
			isa = XCBuildConfiguration;
			buildSettings = {
				ALWAYS_SEARCH_USER_PATHS = NO;
				ASSETCATALOG_COMPILER_GENERATE_SWIFT_ASSET_SYMBOL_EXTENSIONS = YES;
				CLANG_ANALYZER_LOCALIZABILITY_NONLOCALIZED = YES;
				CLANG_ANALYZER_NONNULL = YES;
				CLANG_ANALYZER_NUMBER_OBJECT_CONVERSION = YES_AGGRESSIVE;
				CLANG_CXX_LANGUAGE_STANDARD = "gnu++20";
				CLANG_ENABLE_MODULES = YES;
				CLANG_ENABLE_OBJC_ARC = YES;
				CLANG_ENABLE_OBJC_WEAK = YES;
				CLANG_WARN_BLOCK_CAPTURE_AUTORELEASING = YES;
				CLANG_WARN_BOOL_CONVERSION = YES;
				CLANG_WARN_COMMA = YES;
				CLANG_WARN_CONSTANT_CONVERSION = YES;
				CLANG_WARN_DEPRECATED_OBJC_IMPLEMENTATIONS = YES;
				CLANG_WARN_DIRECT_OBJC_ISA_USAGE = YES_ERROR;
				CLANG_WARN_DOCUMENTATION_COMMENTS = YES;
				CLANG_WARN_EMPTY_BODY = YES;
				CLANG_WARN_ENUM_CONVERSION = YES;
				CLANG_WARN_INFINITE_RECURSION = YES;
				CLANG_WARN_INT_CONVERSION = YES;
				CLANG_WARN_NON_LITERAL_NULL_CONVERSION = YES;
				CLANG_WARN_OBJC_IMPLICIT_RETAIN_SELF = YES;
				CLANG_WARN_OBJC_LITERAL_CONVERSION = YES;
				CLANG_WARN_OBJC_ROOT_CLASS = YES_ERROR;
				CLANG_WARN_QUOTED_INCLUDE_IN_FRAMEWORK_HEADER = YES;
				CLANG_WARN_RANGE_LOOP_ANALYSIS = YES;
				CLANG_WARN_STRICT_PROTOTYPES = YES;
				CLANG_WARN_SUSPICIOUS_MOVE = YES;
				CLANG_WARN_UNGUARDED_AVAILABILITY = YES_AGGRESSIVE;
				CLANG_WARN_UNREACHABLE_CODE = YES;
				CLANG_WARN__DUPLICATE_METHOD_MATCH = YES;
				COPY_PHASE_STRIP = NO;
				DEBUG_INFORMATION_FORMAT = "dwarf-with-dsym";
				DEVELOPMENT_TEAM = X438KBU7P9;
				ENABLE_NS_ASSERTIONS = NO;
				ENABLE_STRICT_OBJC_MSGSEND = YES;
				ENABLE_USER_SCRIPT_SANDBOXING = YES;
				GCC_C_LANGUAGE_STANDARD = gnu17;
				GCC_NO_COMMON_BLOCKS = YES;
				GCC_WARN_64_TO_32_BIT_CONVERSION = YES;
				GCC_WARN_ABOUT_RETURN_TYPE = YES_ERROR;
				GCC_WARN_UNDECLARED_SELECTOR = YES;
				GCC_WARN_UNINITIALIZED_AUTOS = YES_AGGRESSIVE;
				GCC_WARN_UNUSED_FUNCTION = YES;
				GCC_WARN_UNUSED_VARIABLE = YES;
				IPHONEOS_DEPLOYMENT_TARGET = 18.5;
				LOCALIZATION_PREFERS_STRING_CATALOGS = YES;
				MTL_ENABLE_DEBUG_INFO = NO;
				MTL_FAST_MATH = YES;
				SDKROOT = iphoneos;
				SWIFT_COMPILATION_MODE = wholemodule;
				VALIDATE_PRODUCT = YES;
			};
			name = Release;
		};
		3995D7332E30ACD3007B379B /* Debug */ = {
			isa = XCBuildConfiguration;
			buildSettings = {
				ASSETCATALOG_COMPILER_APPICON_NAME = AppIcon;
				ASSETCATALOG_COMPILER_GLOBAL_ACCENT_COLOR_NAME = AccentColor;
				CODE_SIGN_IDENTITY = "Apple Development";
				CODE_SIGN_STYLE = Automatic;
				CURRENT_PROJECT_VERSION = 1;
				DEVELOPMENT_TEAM = ERNL7B6Y27;
				ENABLE_PREVIEWS = YES;
				GENERATE_INFOPLIST_FILE = YES;
				INFOPLIST_FILE = Ferrey/Info.plist;
				INFOPLIST_KEY_CFBundleDisplayName = Ferrey;
				INFOPLIST_KEY_LSApplicationCategoryType = "public.app-category.photography";
				INFOPLIST_KEY_NSCameraUsageDescription = "We need access to your camera to take photos.";
				INFOPLIST_KEY_NSMicrophoneUsageDescription = "To access microphone for recording.";
				INFOPLIST_KEY_NSPhotoLibraryUsageDescription = "Needs photo access.";
				INFOPLIST_KEY_UIApplicationSceneManifest_Generation = YES;
				INFOPLIST_KEY_UIApplicationSupportsIndirectInputEvents = YES;
				INFOPLIST_KEY_UILaunchScreen_Generation = YES;
				INFOPLIST_KEY_UILaunchStoryboardName = "Launch Screen";
				INFOPLIST_KEY_UIRequiresFullScreen = YES;
				INFOPLIST_KEY_UISupportedInterfaceOrientations = UIInterfaceOrientationPortrait;
				IPHONEOS_DEPLOYMENT_TARGET = 17.6;
				LD_RUNPATH_SEARCH_PATHS = (
					"$(inherited)",
					"@executable_path/Frameworks",
				);
				MARKETING_VERSION = 1.0;
				PRODUCT_BUNDLE_IDENTIFIER = com.ferrey.camera;
				PRODUCT_NAME = "$(TARGET_NAME)";
				PROVISIONING_PROFILE_SPECIFIER = "";
				SWIFT_EMIT_LOC_STRINGS = YES;
				SWIFT_VERSION = 5.0;
				TARGETED_DEVICE_FAMILY = "1,2";
			};
			name = Debug;
		};
		3995D7342E30ACD3007B379B /* Release */ = {
			isa = XCBuildConfiguration;
			buildSettings = {
				ASSETCATALOG_COMPILER_APPICON_NAME = AppIcon;
				ASSETCATALOG_COMPILER_GLOBAL_ACCENT_COLOR_NAME = AccentColor;
				CODE_SIGN_IDENTITY = "Apple Development";
				CODE_SIGN_STYLE = Automatic;
				CURRENT_PROJECT_VERSION = 1;
				DEVELOPMENT_TEAM = ERNL7B6Y27;
				ENABLE_PREVIEWS = YES;
				GENERATE_INFOPLIST_FILE = YES;
				INFOPLIST_FILE = Ferrey/Info.plist;
				INFOPLIST_KEY_CFBundleDisplayName = Ferrey;
				INFOPLIST_KEY_LSApplicationCategoryType = "public.app-category.photography";
				INFOPLIST_KEY_NSCameraUsageDescription = "We need access to your camera to take photos.";
				INFOPLIST_KEY_NSMicrophoneUsageDescription = "To access microphone for recording.";
				INFOPLIST_KEY_NSPhotoLibraryUsageDescription = "Needs photo access.";
				INFOPLIST_KEY_UIApplicationSceneManifest_Generation = YES;
				INFOPLIST_KEY_UIApplicationSupportsIndirectInputEvents = YES;
				INFOPLIST_KEY_UILaunchScreen_Generation = YES;
				INFOPLIST_KEY_UILaunchStoryboardName = "Launch Screen";
				INFOPLIST_KEY_UIRequiresFullScreen = YES;
				INFOPLIST_KEY_UISupportedInterfaceOrientations = UIInterfaceOrientationPortrait;
				IPHONEOS_DEPLOYMENT_TARGET = 17.6;
				LD_RUNPATH_SEARCH_PATHS = (
					"$(inherited)",
					"@executable_path/Frameworks",
				);
				MARKETING_VERSION = 1.0;
				PRODUCT_BUNDLE_IDENTIFIER = com.ferrey.camera;
				PRODUCT_NAME = "$(TARGET_NAME)";
				PROVISIONING_PROFILE_SPECIFIER = "";
				SWIFT_EMIT_LOC_STRINGS = YES;
				SWIFT_VERSION = 5.0;
				TARGETED_DEVICE_FAMILY = "1,2";
			};
			name = Release;
		};
/* End XCBuildConfiguration section */

/* Begin XCConfigurationList section */
		3995D7222E30ACD2007B379B /* Build configuration list for PBXProject "Ferrey" */ = {
			isa = XCConfigurationList;
			buildConfigurations = (
				3995D7302E30ACD3007B379B /* Debug */,
				3995D7312E30ACD3007B379B /* Release */,
			);
			defaultConfigurationIsVisible = 0;
			defaultConfigurationName = Release;
		};
		3995D7322E30ACD3007B379B /* Build configuration list for PBXNativeTarget "Ferrey" */ = {
			isa = XCConfigurationList;
			buildConfigurations = (
				3995D7332E30ACD3007B379B /* Debug */,
				3995D7342E30ACD3007B379B /* Release */,
			);
			defaultConfigurationIsVisible = 0;
			defaultConfigurationName = Release;
		};
/* End XCConfigurationList section */

/* Begin XCRemoteSwiftPackageReference section */
		3931452D2E471829001156D9 /* XCRemoteSwiftPackageReference "Kingfisher" */ = {
			isa = XCRemoteSwiftPackageReference;
			repositoryURL = "https://github.com/onevcat/Kingfisher.git";
			requirement = {
				kind = upToNextMajorVersion;
				minimumVersion = 8.5.0;
			};
		};
		393290142E99F39B007BCF83 /* XCRemoteSwiftPackageReference "SDWebImageSwiftUI" */ = {
			isa = XCRemoteSwiftPackageReference;
			repositoryURL = "https://github.com/SDWebImage/SDWebImageSwiftUI.git";
			requirement = {
				kind = upToNextMajorVersion;
				minimumVersion = 3.1.3;
			};
		};
		393934272E543E660035598C /* XCRemoteSwiftPackageReference "Zoomable" */ = {
			isa = XCRemoteSwiftPackageReference;
			repositoryURL = "https://github.com/ryohey/Zoomable.git";
			requirement = {
				branch = main;
				kind = branch;
			};
		};
		3963635B2E7311AA00A5B3AD /* XCRemoteSwiftPackageReference "SwiftRater" */ = {
			isa = XCRemoteSwiftPackageReference;
			repositoryURL = "https://github.com/takecian/SwiftRater";
			requirement = {
				kind = upToNextMajorVersion;
				minimumVersion = 2.2.2;
			};
		};
		39D48E9F2E69BDB1006D9F12 /* XCRemoteSwiftPackageReference "lottie-ios" */ = {
			isa = XCRemoteSwiftPackageReference;
			repositoryURL = "https://github.com/airbnb/lottie-ios.git";
			requirement = {
				kind = upToNextMajorVersion;
				minimumVersion = 4.5.2;
			};
		};
/* End XCRemoteSwiftPackageReference section */

/* Begin XCSwiftPackageProductDependency section */
		3931452E2E471829001156D9 /* Kingfisher */ = {
			isa = XCSwiftPackageProductDependency;
			package = 3931452D2E471829001156D9 /* XCRemoteSwiftPackageReference "Kingfisher" */;
			productName = Kingfisher;
		};
		393290152E99F39B007BCF83 /* SDWebImageSwiftUI */ = {
			isa = XCSwiftPackageProductDependency;
			package = 393290142E99F39B007BCF83 /* XCRemoteSwiftPackageReference "SDWebImageSwiftUI" */;
			productName = SDWebImageSwiftUI;
		};
		393934282E543E660035598C /* Zoomable */ = {
			isa = XCSwiftPackageProductDependency;
			package = 393934272E543E660035598C /* XCRemoteSwiftPackageReference "Zoomable" */;
			productName = Zoomable;
		};
		3963635C2E7311AA00A5B3AD /* SwiftRater */ = {
			isa = XCSwiftPackageProductDependency;
			package = 3963635B2E7311AA00A5B3AD /* XCRemoteSwiftPackageReference "SwiftRater" */;
			productName = SwiftRater;
		};
		39D48EA02E69BDB1006D9F12 /* Lottie */ = {
			isa = XCSwiftPackageProductDependency;
			package = 39D48E9F2E69BDB1006D9F12 /* XCRemoteSwiftPackageReference "lottie-ios" */;
			productName = Lottie;
		};
/* End XCSwiftPackageProductDependency section */
	};
	rootObject = 3995D71F2E30ACD2007B379B /* Project object */;
}
